
Microsoft Visual Studio Solution File, Format Version 12.00
# Visual Studio Version 17
VisualStudioVersion = 17.7.34003.232
MinimumVisualStudioVersion = 10.0.40219.1
Project("{FAE04EC0-301F-11D3-BF4B-00C04F79EFBC}") = "NCQ.Tareas.WebApp", "NCQ.Tareas.WebApp\NCQ.Tareas.WebApp.csproj", "{55419E4F-779A-4B32-9D35-D6FEE8A7C83B}"
EndProject
Project("{FAE04EC0-301F-11D3-BF4B-00C04F79EFBC}") = "NCQ.Tareas.Consola", "NCQ.Tareas.Consola\NCQ.Tareas.Consola.csproj", "{32DD08EA-C3F4-42AE-BBF9-2E43AD3E8BE9}"
EndProject
Global
	GlobalSection(SolutionConfigurationPlatforms) = preSolution
		Debug|Any CPU = Debug|Any CPU
		Release|Any CPU = Release|Any CPU
	EndGlobalSection
	GlobalSection(ProjectConfigurationPlatforms) = postSolution
		{55419E4F-779A-4B32-9D35-D6FEE8A7C83B}.Debug|Any CPU.ActiveCfg = Debug|Any CPU
		{55419E4F-779A-4B32-9D35-D6FEE8A7C83B}.Debug|Any CPU.Build.0 = Debug|Any CPU
		{55419E4F-779A-4B32-9D35-D6FEE8A7C83B}.Release|Any CPU.ActiveCfg = Release|Any CPU
		{55419E4F-779A-4B32-9D35-D6FEE8A7C83B}.Release|Any CPU.Build.0 = Release|Any CPU
		{32DD08EA-C3F4-42AE-BBF9-2E43AD3E8BE9}.Debug|Any CPU.ActiveCfg = Debug|Any CPU
		{32DD08EA-C3F4-42AE-BBF9-2E43AD3E8BE9}.Debug|Any CPU.Build.0 = Debug|Any CPU
		{32DD08EA-C3F4-42AE-BBF9-2E43AD3E8BE9}.Release|Any CPU.ActiveCfg = Release|Any CPU
		{32DD08EA-C3F4-42AE-BBF9-2E43AD3E8BE9}.Release|Any CPU.Build.0 = Release|Any CPU
	EndGlobalSection
	GlobalSection(SolutionProperties) = preSolution
		HideSolutionNode = FALSE
	EndGlobalSection
	GlobalSection(ExtensibilityGlobals) = postSolution
		SolutionGuid = {05A6A24C-7158-448C-84DC-A6503BF0B3CE}
	EndGlobalSection
EndGlobal
